
Microsoft Visual Studio Solution File, Format Version 12.00
# Visual Studio 14
VisualStudioVersion = 14.0.25420.1
MinimumVisualStudioVersion = 10.0.40219.1
Project("{FAE04EC0-301F-11D3-BF4B-00C04F79EFBC}") = "NyARToolkitCS", "NyARToolkitCS\NyARToolkitCS.csproj", "{3D5AD0F6-A13C-4CEB-B614-49BEF1DDF367}"
EndProject
Project("{FAE04EC0-301F-11D3-BF4B-00C04F79EFBC}") = "NyARToolkitCS.markersystem", "NyARToolkitCS.markersystem\NyARToolkitCS.markersystem.csproj", "{43D76506-CEDA-4757-B384-B5AF5D486966}"
EndProject
Project("{FAE04EC0-301F-11D3-BF4B-00C04F79EFBC}") = "NyARToolkitCSUtils", "NyARToolkitCSUtils\NyARToolkitCSUtils.csproj", "{867C58E0-EEDE-437B-AFBB-528D02F08625}"
EndProject
Project("{FAE04EC0-301F-11D3-BF4B-00C04F79EFBC}") = "SimpleLite", "SimpleLite\SimpleLite.csproj", "{0CEE732A-8D19-4EDC-92D6-9C1B48DD09A7}"
EndProject
Project("{FAE04EC0-301F-11D3-BF4B-00C04F79EFBC}") = "CaptureTest", "CaptureTest\CaptureTest.csproj", "{2501EAB4-A67B-4BF6-BA03-9029B5C10E3D}"
EndProject
Project("{FAE04EC0-301F-11D3-BF4B-00C04F79EFBC}") = "WPFSimpleLite", "WPFSimpleLite\WPFSimpleLite.csproj", "{2C8E18CF-6EB5-4A0E-B0E8-6FCA64A19120}"
EndProject
Project("{FAE04EC0-301F-11D3-BF4B-00C04F79EFBC}") = "WPFCaptureTest", "WPFCaptureTest\WPFCaptureTest.csproj", "{5519E96A-FEC5-4373-B18F-E74AF80C2ECE}"
EndProject
Project("{FAE04EC0-301F-11D3-BF4B-00C04F79EFBC}") = "WinformSimpleLite", "WinformSimpleLite\WinformSimpleLite.csproj", "{3C695BE7-52E2-484C-B056-DF1C24A22208}"
EndProject
Project("{FAE04EC0-301F-11D3-BF4B-00C04F79EFBC}") = "WinformMakerPlane", "WinformMakerPlane\WinformMakerPlane.csproj", "{F8A6016D-C2BF-4EC0-A19B-44A641E155B8}"
EndProject
Project("{FAE04EC0-301F-11D3-BF4B-00C04F79EFBC}") = "WinfromSimpleLiteM", "WinfromSimpleLiteM\WinfromSimpleLiteM.csproj", "{84BFE04B-EE79-4EE4-A84C-FD92EA183270}"
EndProject
Project("{FAE04EC0-301F-11D3-BF4B-00C04F79EFBC}") = "Test_WPFSimpleLite", "Test_WPFSimpleLite\Test_WPFSimpleLite.csproj", "{8CDF06F7-A760-4953-9102-FFF73F4A7EA3}"
EndProject
Project("{FAE04EC0-301F-11D3-BF4B-00C04F79EFBC}") = "WPFSimpleLite-Bydll2.5.2", "WPFSimpleLite-Bydll2.5.2\WPFSimpleLite-Bydll2.5.2.csproj", "{144FB863-FC5D-4606-8BEB-3F21EB3BF428}"
EndProject
Project("{FAE04EC0-301F-11D3-BF4B-00C04F79EFBC}") = "Test_WPFSimple1", "Test_WPFSimple1\Test_WPFSimple1.csproj", "{43AA4B0A-0192-476E-BFFE-8A4547FAF214}"
EndProject
Project("{FAE04EC0-301F-11D3-BF4B-00C04F79EFBC}") = "Test_WPFSimple2", "Test_WPFSimple2\Test_WPFSimple2.csproj", "{7694CB94-6B13-4EA1-AE80-C00A30502A85}"
EndProject
Project("{2150E333-8FDC-42A3-9474-1A3956D46DE8}") = "Core", "Core", "{39FB15CF-8180-4C97-876A-9FBD3D207C41}"
EndProject
Project("{2150E333-8FDC-42A3-9474-1A3956D46DE8}") = "WPF-Exsamples", "WPF-Exsamples", "{73DBAD21-DB41-400C-99BD-F51E7EF069E6}"
EndProject
Project("{2150E333-8FDC-42A3-9474-1A3956D46DE8}") = "Winform-Exsamples", "Winform-Exsamples", "{03E4D363-B81A-41A1-987C-0CAF6264C811}"
EndProject
Project("{FAE04EC0-301F-11D3-BF4B-00C04F79EFBC}") = "Test_WPFSimple3", "Test_WPFSimple3\Test_WPFSimple3.csproj", "{F775653D-3D1A-491B-9977-8F551C4106EC}"
EndProject
Project("{FAE04EC0-301F-11D3-BF4B-00C04F79EFBC}") = "Test_WPFSimple4", "Test_WPFSimple4\Test_WPFSimple4.csproj", "{0BF7E58C-7E69-4E20-AF84-E3AB0685DB1A}"
EndProject
Project("{FAE04EC0-301F-11D3-BF4B-00C04F79EFBC}") = "Test_WPFSimple5", "Test_WPFSimple5\Test_WPFSimple5.csproj", "{75765B3D-7D58-4066-AABF-B349CDE08640}"
EndProject
Project("{FAE04EC0-301F-11D3-BF4B-00C04F79EFBC}") = "Test_WPFSimple6", "Test_WPFSimple6\Test_WPFSimple6.csproj", "{80E6E3FC-88CD-48E2-84B9-7251E31097C0}"
EndProject
Project("{FAE04EC0-301F-11D3-BF4B-00C04F79EFBC}") = "Test_WPFSimple_Degree", "Test_WPFSimple_Degree\Test_WPFSimple_Degree.csproj", "{D9620B1B-D142-48AE-846A-625728AC28E9}"
EndProject
Project("{2150E333-8FDC-42A3-9474-1A3956D46DE8}") = "WPF_AR_Base", "WPF_AR_Base", "{E9BA429E-0DAA-4622-8F76-778A1CE35387}"
EndProject
Project("{FAE04EC0-301F-11D3-BF4B-00C04F79EFBC}") = "Test_WPFSimple_Degree1", "Test_WPFSimple_Degree1\Test_WPFSimple_Degree1.csproj", "{FCE509C3-24BA-4E1E-9B7B-F7C73F3506F5}"
EndProject
Project("{FAE04EC0-301F-11D3-BF4B-00C04F79EFBC}") = "Test_WPFSimple_TwoCamera", "Test_WPFSimple_TwoCamera\Test_WPFSimple_TwoCamera.csproj", "{9D699FD1-8F47-496A-89CD-9BAC66C359B7}"
EndProject
Project("{FAE04EC0-301F-11D3-BF4B-00C04F79EFBC}") = "Test_WPFSimple7", "Test_WPFSimple7\Test_WPFSimple7.csproj", "{75F7BBE5-4011-4770-A050-6B689F281F33}"
EndProject
Global
	GlobalSection(SolutionConfigurationPlatforms) = preSolution
		Debug|Any CPU = Debug|Any CPU
		Debug|x86 = Debug|x86
		Release|Any CPU = Release|Any CPU
		Release|x86 = Release|x86
	EndGlobalSection
	GlobalSection(ProjectConfigurationPlatforms) = postSolution
		{3D5AD0F6-A13C-4CEB-B614-49BEF1DDF367}.Debug|Any CPU.ActiveCfg = Debug|Any CPU
		{3D5AD0F6-A13C-4CEB-B614-49BEF1DDF367}.Debug|Any CPU.Build.0 = Debug|Any CPU
		{3D5AD0F6-A13C-4CEB-B614-49BEF1DDF367}.Debug|x86.ActiveCfg = Debug|Any CPU
		{3D5AD0F6-A13C-4CEB-B614-49BEF1DDF367}.Debug|x86.Build.0 = Debug|Any CPU
		{3D5AD0F6-A13C-4CEB-B614-49BEF1DDF367}.Release|Any CPU.ActiveCfg = Release|Any CPU
		{3D5AD0F6-A13C-4CEB-B614-49BEF1DDF367}.Release|Any CPU.Build.0 = Release|Any CPU
		{3D5AD0F6-A13C-4CEB-B614-49BEF1DDF367}.Release|x86.ActiveCfg = Release|Any CPU
		{3D5AD0F6-A13C-4CEB-B614-49BEF1DDF367}.Release|x86.Build.0 = Release|Any CPU
		{43D76506-CEDA-4757-B384-B5AF5D486966}.Debug|Any CPU.ActiveCfg = Debug|Any CPU
		{43D76506-CEDA-4757-B384-B5AF5D486966}.Debug|Any CPU.Build.0 = Debug|Any CPU
		{43D76506-CEDA-4757-B384-B5AF5D486966}.Debug|x86.ActiveCfg = Debug|Any CPU
		{43D76506-CEDA-4757-B384-B5AF5D486966}.Debug|x86.Build.0 = Debug|Any CPU
		{43D76506-CEDA-4757-B384-B5AF5D486966}.Release|Any CPU.ActiveCfg = Release|Any CPU
		{43D76506-CEDA-4757-B384-B5AF5D486966}.Release|Any CPU.Build.0 = Release|Any CPU
		{43D76506-CEDA-4757-B384-B5AF5D486966}.Release|x86.ActiveCfg = Release|Any CPU
		{43D76506-CEDA-4757-B384-B5AF5D486966}.Release|x86.Build.0 = Release|Any CPU
		{867C58E0-EEDE-437B-AFBB-528D02F08625}.Debug|Any CPU.ActiveCfg = Debug|Any CPU
		{867C58E0-EEDE-437B-AFBB-528D02F08625}.Debug|Any CPU.Build.0 = Debug|Any CPU
		{867C58E0-EEDE-437B-AFBB-528D02F08625}.Debug|x86.ActiveCfg = Debug|Any CPU
		{867C58E0-EEDE-437B-AFBB-528D02F08625}.Debug|x86.Build.0 = Debug|Any CPU
		{867C58E0-EEDE-437B-AFBB-528D02F08625}.Release|Any CPU.ActiveCfg = Release|Any CPU
		{867C58E0-EEDE-437B-AFBB-528D02F08625}.Release|Any CPU.Build.0 = Release|Any CPU
		{867C58E0-EEDE-437B-AFBB-528D02F08625}.Release|x86.ActiveCfg = Release|Any CPU
		{867C58E0-EEDE-437B-AFBB-528D02F08625}.Release|x86.Build.0 = Release|Any CPU
		{0CEE732A-8D19-4EDC-92D6-9C1B48DD09A7}.Debug|Any CPU.ActiveCfg = Debug|Any CPU
		{0CEE732A-8D19-4EDC-92D6-9C1B48DD09A7}.Debug|Any CPU.Build.0 = Debug|Any CPU
		{0CEE732A-8D19-4EDC-92D6-9C1B48DD09A7}.Debug|x86.ActiveCfg = Debug|Any CPU
		{0CEE732A-8D19-4EDC-92D6-9C1B48DD09A7}.Debug|x86.Build.0 = Debug|Any CPU
		{0CEE732A-8D19-4EDC-92D6-9C1B48DD09A7}.Release|Any CPU.ActiveCfg = Release|Any CPU
		{0CEE732A-8D19-4EDC-92D6-9C1B48DD09A7}.Release|Any CPU.Build.0 = Release|Any CPU
		{0CEE732A-8D19-4EDC-92D6-9C1B48DD09A7}.Release|x86.ActiveCfg = Release|Any CPU
		{0CEE732A-8D19-4EDC-92D6-9C1B48DD09A7}.Release|x86.Build.0 = Release|Any CPU
		{2501EAB4-A67B-4BF6-BA03-9029B5C10E3D}.Debug|Any CPU.ActiveCfg = Debug|Any CPU
		{2501EAB4-A67B-4BF6-BA03-9029B5C10E3D}.Debug|Any CPU.Build.0 = Debug|Any CPU
		{2501EAB4-A67B-4BF6-BA03-9029B5C10E3D}.Debug|x86.ActiveCfg = Debug|Any CPU
		{2501EAB4-A67B-4BF6-BA03-9029B5C10E3D}.Debug|x86.Build.0 = Debug|Any CPU
		{2501EAB4-A67B-4BF6-BA03-9029B5C10E3D}.Release|Any CPU.ActiveCfg = Release|Any CPU
		{2501EAB4-A67B-4BF6-BA03-9029B5C10E3D}.Release|Any CPU.Build.0 = Release|Any CPU
		{2501EAB4-A67B-4BF6-BA03-9029B5C10E3D}.Release|x86.ActiveCfg = Release|Any CPU
		{2501EAB4-A67B-4BF6-BA03-9029B5C10E3D}.Release|x86.Build.0 = Release|Any CPU
		{2C8E18CF-6EB5-4A0E-B0E8-6FCA64A19120}.Debug|Any CPU.ActiveCfg = Debug|Any CPU
		{2C8E18CF-6EB5-4A0E-B0E8-6FCA64A19120}.Debug|Any CPU.Build.0 = Debug|Any CPU
		{2C8E18CF-6EB5-4A0E-B0E8-6FCA64A19120}.Debug|x86.ActiveCfg = Debug|Any CPU
		{2C8E18CF-6EB5-4A0E-B0E8-6FCA64A19120}.Debug|x86.Build.0 = Debug|Any CPU
		{2C8E18CF-6EB5-4A0E-B0E8-6FCA64A19120}.Release|Any CPU.ActiveCfg = Release|Any CPU
		{2C8E18CF-6EB5-4A0E-B0E8-6FCA64A19120}.Release|Any CPU.Build.0 = Release|Any CPU
		{2C8E18CF-6EB5-4A0E-B0E8-6FCA64A19120}.Release|x86.ActiveCfg = Release|Any CPU
		{2C8E18CF-6EB5-4A0E-B0E8-6FCA64A19120}.Release|x86.Build.0 = Release|Any CPU
		{5519E96A-FEC5-4373-B18F-E74AF80C2ECE}.Debug|Any CPU.ActiveCfg = Debug|Any CPU
		{5519E96A-FEC5-4373-B18F-E74AF80C2ECE}.Debug|Any CPU.Build.0 = Debug|Any CPU
		{5519E96A-FEC5-4373-B18F-E74AF80C2ECE}.Debug|x86.ActiveCfg = Debug|Any CPU
		{5519E96A-FEC5-4373-B18F-E74AF80C2ECE}.Debug|x86.Build.0 = Debug|Any CPU
		{5519E96A-FEC5-4373-B18F-E74AF80C2ECE}.Release|Any CPU.ActiveCfg = Release|Any CPU
		{5519E96A-FEC5-4373-B18F-E74AF80C2ECE}.Release|Any CPU.Build.0 = Release|Any CPU
		{5519E96A-FEC5-4373-B18F-E74AF80C2ECE}.Release|x86.ActiveCfg = Release|Any CPU
		{5519E96A-FEC5-4373-B18F-E74AF80C2ECE}.Release|x86.Build.0 = Release|Any CPU
		{3C695BE7-52E2-484C-B056-DF1C24A22208}.Debug|Any CPU.ActiveCfg = Debug|Any CPU
		{3C695BE7-52E2-484C-B056-DF1C24A22208}.Debug|Any CPU.Build.0 = Debug|Any CPU
		{3C695BE7-52E2-484C-B056-DF1C24A22208}.Debug|x86.ActiveCfg = Debug|Any CPU
		{3C695BE7-52E2-484C-B056-DF1C24A22208}.Debug|x86.Build.0 = Debug|Any CPU
		{3C695BE7-52E2-484C-B056-DF1C24A22208}.Release|Any CPU.ActiveCfg = Release|Any CPU
		{3C695BE7-52E2-484C-B056-DF1C24A22208}.Release|Any CPU.Build.0 = Release|Any CPU
		{3C695BE7-52E2-484C-B056-DF1C24A22208}.Release|x86.ActiveCfg = Release|Any CPU
		{3C695BE7-52E2-484C-B056-DF1C24A22208}.Release|x86.Build.0 = Release|Any CPU
		{F8A6016D-C2BF-4EC0-A19B-44A641E155B8}.Debug|Any CPU.ActiveCfg = Debug|Any CPU
		{F8A6016D-C2BF-4EC0-A19B-44A641E155B8}.Debug|Any CPU.Build.0 = Debug|Any CPU
		{F8A6016D-C2BF-4EC0-A19B-44A641E155B8}.Debug|x86.ActiveCfg = Debug|Any CPU
		{F8A6016D-C2BF-4EC0-A19B-44A641E155B8}.Debug|x86.Build.0 = Debug|Any CPU
		{F8A6016D-C2BF-4EC0-A19B-44A641E155B8}.Release|Any CPU.ActiveCfg = Release|Any CPU
		{F8A6016D-C2BF-4EC0-A19B-44A641E155B8}.Release|Any CPU.Build.0 = Release|Any CPU
		{F8A6016D-C2BF-4EC0-A19B-44A641E155B8}.Release|x86.ActiveCfg = Release|Any CPU
		{F8A6016D-C2BF-4EC0-A19B-44A641E155B8}.Release|x86.Build.0 = Release|Any CPU
		{84BFE04B-EE79-4EE4-A84C-FD92EA183270}.Debug|Any CPU.ActiveCfg = Debug|Any CPU
		{84BFE04B-EE79-4EE4-A84C-FD92EA183270}.Debug|Any CPU.Build.0 = Debug|Any CPU
		{84BFE04B-EE79-4EE4-A84C-FD92EA183270}.Debug|x86.ActiveCfg = Debug|Any CPU
		{84BFE04B-EE79-4EE4-A84C-FD92EA183270}.Debug|x86.Build.0 = Debug|Any CPU
		{84BFE04B-EE79-4EE4-A84C-FD92EA183270}.Release|Any CPU.ActiveCfg = Release|Any CPU
		{84BFE04B-EE79-4EE4-A84C-FD92EA183270}.Release|Any CPU.Build.0 = Release|Any CPU
		{84BFE04B-EE79-4EE4-A84C-FD92EA183270}.Release|x86.ActiveCfg = Release|Any CPU
		{84BFE04B-EE79-4EE4-A84C-FD92EA183270}.Release|x86.Build.0 = Release|Any CPU
		{8CDF06F7-A760-4953-9102-FFF73F4A7EA3}.Debug|Any CPU.ActiveCfg = Debug|Any CPU
		{8CDF06F7-A760-4953-9102-FFF73F4A7EA3}.Debug|Any CPU.Build.0 = Debug|Any CPU
		{8CDF06F7-A760-4953-9102-FFF73F4A7EA3}.Debug|x86.ActiveCfg = Debug|Any CPU
		{8CDF06F7-A760-4953-9102-FFF73F4A7EA3}.Debug|x86.Build.0 = Debug|Any CPU
		{8CDF06F7-A760-4953-9102-FFF73F4A7EA3}.Release|Any CPU.ActiveCfg = Release|Any CPU
		{8CDF06F7-A760-4953-9102-FFF73F4A7EA3}.Release|Any CPU.Build.0 = Release|Any CPU
		{8CDF06F7-A760-4953-9102-FFF73F4A7EA3}.Release|x86.ActiveCfg = Release|Any CPU
		{8CDF06F7-A760-4953-9102-FFF73F4A7EA3}.Release|x86.Build.0 = Release|Any CPU
		{144FB863-FC5D-4606-8BEB-3F21EB3BF428}.Debug|Any CPU.ActiveCfg = Debug|Any CPU
		{144FB863-FC5D-4606-8BEB-3F21EB3BF428}.Debug|Any CPU.Build.0 = Debug|Any CPU
		{144FB863-FC5D-4606-8BEB-3F21EB3BF428}.Debug|x86.ActiveCfg = Debug|Any CPU
		{144FB863-FC5D-4606-8BEB-3F21EB3BF428}.Debug|x86.Build.0 = Debug|Any CPU
		{144FB863-FC5D-4606-8BEB-3F21EB3BF428}.Release|Any CPU.ActiveCfg = Release|Any CPU
		{144FB863-FC5D-4606-8BEB-3F21EB3BF428}.Release|Any CPU.Build.0 = Release|Any CPU
		{144FB863-FC5D-4606-8BEB-3F21EB3BF428}.Release|x86.ActiveCfg = Release|Any CPU
		{144FB863-FC5D-4606-8BEB-3F21EB3BF428}.Release|x86.Build.0 = Release|Any CPU
		{43AA4B0A-0192-476E-BFFE-8A4547FAF214}.Debug|Any CPU.ActiveCfg = Debug|Any CPU
		{43AA4B0A-0192-476E-BFFE-8A4547FAF214}.Debug|Any CPU.Build.0 = Debug|Any CPU
		{43AA4B0A-0192-476E-BFFE-8A4547FAF214}.Debug|x86.ActiveCfg = Debug|Any CPU
		{43AA4B0A-0192-476E-BFFE-8A4547FAF214}.Debug|x86.Build.0 = Debug|Any CPU
		{43AA4B0A-0192-476E-BFFE-8A4547FAF214}.Release|Any CPU.ActiveCfg = Release|Any CPU
		{43AA4B0A-0192-476E-BFFE-8A4547FAF214}.Release|Any CPU.Build.0 = Release|Any CPU
		{43AA4B0A-0192-476E-BFFE-8A4547FAF214}.Release|x86.ActiveCfg = Release|Any CPU
		{43AA4B0A-0192-476E-BFFE-8A4547FAF214}.Release|x86.Build.0 = Release|Any CPU
		{7694CB94-6B13-4EA1-AE80-C00A30502A85}.Debug|Any CPU.ActiveCfg = Debug|Any CPU
		{7694CB94-6B13-4EA1-AE80-C00A30502A85}.Debug|Any CPU.Build.0 = Debug|Any CPU
		{7694CB94-6B13-4EA1-AE80-C00A30502A85}.Debug|x86.ActiveCfg = Debug|Any CPU
		{7694CB94-6B13-4EA1-AE80-C00A30502A85}.Debug|x86.Build.0 = Debug|Any CPU
		{7694CB94-6B13-4EA1-AE80-C00A30502A85}.Release|Any CPU.ActiveCfg = Release|Any CPU
		{7694CB94-6B13-4EA1-AE80-C00A30502A85}.Release|Any CPU.Build.0 = Release|Any CPU
		{7694CB94-6B13-4EA1-AE80-C00A30502A85}.Release|x86.ActiveCfg = Release|Any CPU
		{7694CB94-6B13-4EA1-AE80-C00A30502A85}.Release|x86.Build.0 = Release|Any CPU
		{F775653D-3D1A-491B-9977-8F551C4106EC}.Debug|Any CPU.ActiveCfg = Debug|Any CPU
		{F775653D-3D1A-491B-9977-8F551C4106EC}.Debug|Any CPU.Build.0 = Debug|Any CPU
		{F775653D-3D1A-491B-9977-8F551C4106EC}.Debug|x86.ActiveCfg = Debug|Any CPU
		{F775653D-3D1A-491B-9977-8F551C4106EC}.Debug|x86.Build.0 = Debug|Any CPU
		{F775653D-3D1A-491B-9977-8F551C4106EC}.Release|Any CPU.ActiveCfg = Release|Any CPU
		{F775653D-3D1A-491B-9977-8F551C4106EC}.Release|Any CPU.Build.0 = Release|Any CPU
		{F775653D-3D1A-491B-9977-8F551C4106EC}.Release|x86.ActiveCfg = Release|Any CPU
		{F775653D-3D1A-491B-9977-8F551C4106EC}.Release|x86.Build.0 = Release|Any CPU
		{0BF7E58C-7E69-4E20-AF84-E3AB0685DB1A}.Debug|Any CPU.ActiveCfg = Debug|Any CPU
		{0BF7E58C-7E69-4E20-AF84-E3AB0685DB1A}.Debug|Any CPU.Build.0 = Debug|Any CPU
		{0BF7E58C-7E69-4E20-AF84-E3AB0685DB1A}.Debug|x86.ActiveCfg = Debug|Any CPU
		{0BF7E58C-7E69-4E20-AF84-E3AB0685DB1A}.Debug|x86.Build.0 = Debug|Any CPU
		{0BF7E58C-7E69-4E20-AF84-E3AB0685DB1A}.Release|Any CPU.ActiveCfg = Release|Any CPU
		{0BF7E58C-7E69-4E20-AF84-E3AB0685DB1A}.Release|Any CPU.Build.0 = Release|Any CPU
		{0BF7E58C-7E69-4E20-AF84-E3AB0685DB1A}.Release|x86.ActiveCfg = Release|Any CPU
		{0BF7E58C-7E69-4E20-AF84-E3AB0685DB1A}.Release|x86.Build.0 = Release|Any CPU
		{75765B3D-7D58-4066-AABF-B349CDE08640}.Debug|Any CPU.ActiveCfg = Debug|Any CPU
		{75765B3D-7D58-4066-AABF-B349CDE08640}.Debug|Any CPU.Build.0 = Debug|Any CPU
		{75765B3D-7D58-4066-AABF-B349CDE08640}.Debug|x86.ActiveCfg = Debug|Any CPU
		{75765B3D-7D58-4066-AABF-B349CDE08640}.Debug|x86.Build.0 = Debug|Any CPU
		{75765B3D-7D58-4066-AABF-B349CDE08640}.Release|Any CPU.ActiveCfg = Release|Any CPU
		{75765B3D-7D58-4066-AABF-B349CDE08640}.Release|Any CPU.Build.0 = Release|Any CPU
		{75765B3D-7D58-4066-AABF-B349CDE08640}.Release|x86.ActiveCfg = Release|Any CPU
		{75765B3D-7D58-4066-AABF-B349CDE08640}.Release|x86.Build.0 = Release|Any CPU
		{80E6E3FC-88CD-48E2-84B9-7251E31097C0}.Debug|Any CPU.ActiveCfg = Debug|Any CPU
		{80E6E3FC-88CD-48E2-84B9-7251E31097C0}.Debug|Any CPU.Build.0 = Debug|Any CPU
		{80E6E3FC-88CD-48E2-84B9-7251E31097C0}.Debug|x86.ActiveCfg = Debug|Any CPU
		{80E6E3FC-88CD-48E2-84B9-7251E31097C0}.Debug|x86.Build.0 = Debug|Any CPU
		{80E6E3FC-88CD-48E2-84B9-7251E31097C0}.Release|Any CPU.ActiveCfg = Release|Any CPU
		{80E6E3FC-88CD-48E2-84B9-7251E31097C0}.Release|Any CPU.Build.0 = Release|Any CPU
		{80E6E3FC-88CD-48E2-84B9-7251E31097C0}.Release|x86.ActiveCfg = Release|Any CPU
		{80E6E3FC-88CD-48E2-84B9-7251E31097C0}.Release|x86.Build.0 = Release|Any CPU
		{D9620B1B-D142-48AE-846A-625728AC28E9}.Debug|Any CPU.ActiveCfg = Debug|Any CPU
		{D9620B1B-D142-48AE-846A-625728AC28E9}.Debug|Any CPU.Build.0 = Debug|Any CPU
		{D9620B1B-D142-48AE-846A-625728AC28E9}.Debug|x86.ActiveCfg = Debug|Any CPU
		{D9620B1B-D142-48AE-846A-625728AC28E9}.Debug|x86.Build.0 = Debug|Any CPU
		{D9620B1B-D142-48AE-846A-625728AC28E9}.Release|Any CPU.ActiveCfg = Release|Any CPU
		{D9620B1B-D142-48AE-846A-625728AC28E9}.Release|Any CPU.Build.0 = Release|Any CPU
		{D9620B1B-D142-48AE-846A-625728AC28E9}.Release|x86.ActiveCfg = Release|Any CPU
		{D9620B1B-D142-48AE-846A-625728AC28E9}.Release|x86.Build.0 = Release|Any CPU
		{FCE509C3-24BA-4E1E-9B7B-F7C73F3506F5}.Debug|Any CPU.ActiveCfg = Debug|Any CPU
		{FCE509C3-24BA-4E1E-9B7B-F7C73F3506F5}.Debug|Any CPU.Build.0 = Debug|Any CPU
		{FCE509C3-24BA-4E1E-9B7B-F7C73F3506F5}.Debug|x86.ActiveCfg = Debug|Any CPU
		{FCE509C3-24BA-4E1E-9B7B-F7C73F3506F5}.Debug|x86.Build.0 = Debug|Any CPU
		{FCE509C3-24BA-4E1E-9B7B-F7C73F3506F5}.Release|Any CPU.ActiveCfg = Release|Any CPU
		{FCE509C3-24BA-4E1E-9B7B-F7C73F3506F5}.Release|Any CPU.Build.0 = Release|Any CPU
		{FCE509C3-24BA-4E1E-9B7B-F7C73F3506F5}.Release|x86.ActiveCfg = Release|Any CPU
		{FCE509C3-24BA-4E1E-9B7B-F7C73F3506F5}.Release|x86.Build.0 = Release|Any CPU
		{9D699FD1-8F47-496A-89CD-9BAC66C359B7}.Debug|Any CPU.ActiveCfg = Debug|Any CPU
		{9D699FD1-8F47-496A-89CD-9BAC66C359B7}.Debug|Any CPU.Build.0 = Debug|Any CPU
		{9D699FD1-8F47-496A-89CD-9BAC66C359B7}.Debug|x86.ActiveCfg = Debug|Any CPU
		{9D699FD1-8F47-496A-89CD-9BAC66C359B7}.Debug|x86.Build.0 = Debug|Any CPU
		{9D699FD1-8F47-496A-89CD-9BAC66C359B7}.Release|Any CPU.ActiveCfg = Release|Any CPU
		{9D699FD1-8F47-496A-89CD-9BAC66C359B7}.Release|Any CPU.Build.0 = Release|Any CPU
		{9D699FD1-8F47-496A-89CD-9BAC66C359B7}.Release|x86.ActiveCfg = Release|Any CPU
		{9D699FD1-8F47-496A-89CD-9BAC66C359B7}.Release|x86.Build.0 = Release|Any CPU
		{75F7BBE5-4011-4770-A050-6B689F281F33}.Debug|Any CPU.ActiveCfg = Debug|Any CPU
		{75F7BBE5-4011-4770-A050-6B689F281F33}.Debug|Any CPU.Build.0 = Debug|Any CPU
		{75F7BBE5-4011-4770-A050-6B689F281F33}.Debug|x86.ActiveCfg = Debug|Any CPU
		{75F7BBE5-4011-4770-A050-6B689F281F33}.Debug|x86.Build.0 = Debug|Any CPU
		{75F7BBE5-4011-4770-A050-6B689F281F33}.Release|Any CPU.ActiveCfg = Release|Any CPU
		{75F7BBE5-4011-4770-A050-6B689F281F33}.Release|Any CPU.Build.0 = Release|Any CPU
		{75F7BBE5-4011-4770-A050-6B689F281F33}.Release|x86.ActiveCfg = Release|Any CPU
		{75F7BBE5-4011-4770-A050-6B689F281F33}.Release|x86.Build.0 = Release|Any CPU
	EndGlobalSection
	GlobalSection(SolutionProperties) = preSolution
		HideSolutionNode = FALSE
	EndGlobalSection
	GlobalSection(NestedProjects) = preSolution
		{3D5AD0F6-A13C-4CEB-B614-49BEF1DDF367} = {39FB15CF-8180-4C97-876A-9FBD3D207C41}
		{43D76506-CEDA-4757-B384-B5AF5D486966} = {39FB15CF-8180-4C97-876A-9FBD3D207C41}
		{867C58E0-EEDE-437B-AFBB-528D02F08625} = {39FB15CF-8180-4C97-876A-9FBD3D207C41}
		{0CEE732A-8D19-4EDC-92D6-9C1B48DD09A7} = {03E4D363-B81A-41A1-987C-0CAF6264C811}
		{2501EAB4-A67B-4BF6-BA03-9029B5C10E3D} = {03E4D363-B81A-41A1-987C-0CAF6264C811}
		{2C8E18CF-6EB5-4A0E-B0E8-6FCA64A19120} = {73DBAD21-DB41-400C-99BD-F51E7EF069E6}
		{5519E96A-FEC5-4373-B18F-E74AF80C2ECE} = {73DBAD21-DB41-400C-99BD-F51E7EF069E6}
		{3C695BE7-52E2-484C-B056-DF1C24A22208} = {03E4D363-B81A-41A1-987C-0CAF6264C811}
		{F8A6016D-C2BF-4EC0-A19B-44A641E155B8} = {03E4D363-B81A-41A1-987C-0CAF6264C811}
		{84BFE04B-EE79-4EE4-A84C-FD92EA183270} = {03E4D363-B81A-41A1-987C-0CAF6264C811}
		{8CDF06F7-A760-4953-9102-FFF73F4A7EA3} = {73DBAD21-DB41-400C-99BD-F51E7EF069E6}
		{144FB863-FC5D-4606-8BEB-3F21EB3BF428} = {73DBAD21-DB41-400C-99BD-F51E7EF069E6}
		{43AA4B0A-0192-476E-BFFE-8A4547FAF214} = {E9BA429E-0DAA-4622-8F76-778A1CE35387}
		{7694CB94-6B13-4EA1-AE80-C00A30502A85} = {E9BA429E-0DAA-4622-8F76-778A1CE35387}
		{F775653D-3D1A-491B-9977-8F551C4106EC} = {E9BA429E-0DAA-4622-8F76-778A1CE35387}
		{0BF7E58C-7E69-4E20-AF84-E3AB0685DB1A} = {E9BA429E-0DAA-4622-8F76-778A1CE35387}
		{75765B3D-7D58-4066-AABF-B349CDE08640} = {E9BA429E-0DAA-4622-8F76-778A1CE35387}
		{80E6E3FC-88CD-48E2-84B9-7251E31097C0} = {E9BA429E-0DAA-4622-8F76-778A1CE35387}
		{D9620B1B-D142-48AE-846A-625728AC28E9} = {E9BA429E-0DAA-4622-8F76-778A1CE35387}
		{FCE509C3-24BA-4E1E-9B7B-F7C73F3506F5} = {E9BA429E-0DAA-4622-8F76-778A1CE35387}
		{9D699FD1-8F47-496A-89CD-9BAC66C359B7} = {E9BA429E-0DAA-4622-8F76-778A1CE35387}
		{75F7BBE5-4011-4770-A050-6B689F281F33} = {E9BA429E-0DAA-4622-8F76-778A1CE35387}
	EndGlobalSection
EndGlobal
